
Microsoft Visual Studio Solution File, Format Version 12.00
# Visual Studio Version 17
VisualStudioVersion = 17.6.33801.468
MinimumVisualStudioVersion = 10.0.40219.1
Project("{FAE04EC0-301F-11D3-BF4B-00C04F79EFBC}") = "StudentAdmissionManagement", "StudentAdmissionManagement\StudentAdmissionManagement.csproj", "{DB0DF1F6-4C0D-4405-B084-72FAC050BA8B}"
EndProject
Project("{FAE04EC0-301F-11D3-BF4B-00C04F79EFBC}") = "SchoolAttendanceManagement", "SchoolAttendanceManagement\SchoolAttendanceManagement.csproj", "{6E704282-6053-4710-B4A4-5FCE6276D23E}"
EndProject
Global
	GlobalSection(SolutionConfigurationPlatforms) = preSolution
		Debug|Any CPU = Debug|Any CPU
		Release|Any CPU = Release|Any CPU
	EndGlobalSection
	GlobalSection(ProjectConfigurationPlatforms) = postSolution
		{DB0DF1F6-4C0D-4405-B084-72FAC050BA8B}.Debug|Any CPU.ActiveCfg = Debug|Any CPU
		{DB0DF1F6-4C0D-4405-B084-72FAC050BA8B}.Debug|Any CPU.Build.0 = Debug|Any CPU
		{DB0DF1F6-4C0D-4405-B084-72FAC050BA8B}.Release|Any CPU.ActiveCfg = Release|Any CPU
		{DB0DF1F6-4C0D-4405-B084-72FAC050BA8B}.Release|Any CPU.Build.0 = Release|Any CPU
		{6E704282-6053-4710-B4A4-5FCE6276D23E}.Debug|Any CPU.ActiveCfg = Debug|Any CPU
		{6E704282-6053-4710-B4A4-5FCE6276D23E}.Debug|Any CPU.Build.0 = Debug|Any CPU
		{6E704282-6053-4710-B4A4-5FCE6276D23E}.Release|Any CPU.ActiveCfg = Release|Any CPU
		{6E704282-6053-4710-B4A4-5FCE6276D23E}.Release|Any CPU.Build.0 = Release|Any CPU
	EndGlobalSection
	GlobalSection(SolutionProperties) = preSolution
		HideSolutionNode = FALSE
	EndGlobalSection
	GlobalSection(ExtensibilityGlobals) = postSolution
		SolutionGuid = {925AFA49-247A-4CF3-994E-745C6F416AAE}
	EndGlobalSection
EndGlobal
